// !$*UTF8*$!
{
	archiveVersion = 1;
	classes = {
	};
	objectVersion = 55;
	objects = {

/* Begin PBXBuildFile section */
		03E5DED7279EB5A500109CB4 /* AppDelegate.swift in Sources */ = {isa = PBXBuildFile; fileRef = 03E5DED6279EB5A500109CB4 /* AppDelegate.swift */; };
		03E5DEE0279EB5A800109CB4 /* Assets.xcassets in Resources */ = {isa = PBXBuildFile; fileRef = 03E5DEDF279EB5A800109CB4 /* Assets.xcassets */; };
		03E5DEE3279EB5A800109CB4 /* LaunchScreen.storyboard in Resources */ = {isa = PBXBuildFile; fileRef = 03E5DEE1279EB5A800109CB4 /* LaunchScreen.storyboard */; };
		03E5DEEE279EB5A900109CB4 /* ExchangeRateTests.swift in Sources */ = {isa = PBXBuildFile; fileRef = 03E5DEED279EB5A900109CB4 /* ExchangeRateTests.swift */; };
		03E5DEF8279EB5A900109CB4 /* ExchangeRateUITests.swift in Sources */ = {isa = PBXBuildFile; fileRef = 03E5DEF7279EB5A900109CB4 /* ExchangeRateUITests.swift */; };
		03E5DEFA279EB5A900109CB4 /* ExchangeRateUITestsLaunchTests.swift in Sources */ = {isa = PBXBuildFile; fileRef = 03E5DEF9279EB5A900109CB4 /* ExchangeRateUITestsLaunchTests.swift */; };
		03E5DF0B279EBB2900109CB4 /* ExchangeRateCalculatorViewController.swift in Sources */ = {isa = PBXBuildFile; fileRef = 03E5DF0A279EBB2900109CB4 /* ExchangeRateCalculatorViewController.swift */; };
		03E5DF0E279EBB7400109CB4 /* BaseViewController.swift in Sources */ = {isa = PBXBuildFile; fileRef = 03E5DF0D279EBB7400109CB4 /* BaseViewController.swift */; };
		03E5DF10279EBD2B00109CB4 /* ExchangeRateCalculatorReactor.swift in Sources */ = {isa = PBXBuildFile; fileRef = 03E5DF0F279EBD2B00109CB4 /* ExchangeRateCalculatorReactor.swift */; };
		03E5DF19279ED0CA00109CB4 /* UITextField+Extension.swift in Sources */ = {isa = PBXBuildFile; fileRef = 03E5DF18279ED0CA00109CB4 /* UITextField+Extension.swift */; };
		03E5DF1C279EDC4C00109CB4 /* CalculatorAssembly.swift in Sources */ = {isa = PBXBuildFile; fileRef = 03E5DF1B279EDC4C00109CB4 /* CalculatorAssembly.swift */; };
		03E5DF20279EDD5A00109CB4 /* CurrencyAPI.swift in Sources */ = {isa = PBXBuildFile; fileRef = 03E5DF1F279EDD5A00109CB4 /* CurrencyAPI.swift */; };
		03E5DF22279EDD6500109CB4 /* NetworkAPIType.swift in Sources */ = {isa = PBXBuildFile; fileRef = 03E5DF21279EDD6500109CB4 /* NetworkAPIType.swift */; };
		03E5DF25279EDF0300109CB4 /* AppAssembler.swift in Sources */ = {isa = PBXBuildFile; fileRef = 03E5DF24279EDF0300109CB4 /* AppAssembler.swift */; };
		03E5DF28279EE44C00109CB4 /* ReceiptCountry.swift in Sources */ = {isa = PBXBuildFile; fileRef = 03E5DF27279EE44C00109CB4 /* ReceiptCountry.swift */; };
		03E5DF2B279EFBE600109CB4 /* ExchangeRateService.swift in Sources */ = {isa = PBXBuildFile; fileRef = 03E5DF2A279EFBE600109CB4 /* ExchangeRateService.swift */; };
		03E5DF2D279EFC0100109CB4 /* ExchangeRateServiceType.swift in Sources */ = {isa = PBXBuildFile; fileRef = 03E5DF2C279EFC0100109CB4 /* ExchangeRateServiceType.swift */; };
		03E5DF30279EFCD300109CB4 /* ServiceAssembly.swift in Sources */ = {isa = PBXBuildFile; fileRef = 03E5DF2F279EFCD200109CB4 /* ServiceAssembly.swift */; };
		03E5DF32279F0C9200109CB4 /* Date+Extension.swift in Sources */ = {isa = PBXBuildFile; fileRef = 03E5DF31279F0C9200109CB4 /* Date+Extension.swift */; };
		03E5DF34279F0D4000109CB4 /* Double+Extension.swift in Sources */ = {isa = PBXBuildFile; fileRef = 03E5DF33279F0D4000109CB4 /* Double+Extension.swift */; };
		8322B15DEF01AE77582A3C53 /* Pods_ExchangeRateTests.framework in Frameworks */ = {isa = PBXBuildFile; fileRef = 479D1D1E59F23B6F1B5E33FF /* Pods_ExchangeRateTests.framework */; };
		B6F8FC3541E702C0E123019E /* Pods_ExchangeRate.framework in Frameworks */ = {isa = PBXBuildFile; fileRef = 18FB91F064534A3E593C7D37 /* Pods_ExchangeRate.framework */; };
		D36C086C2686CEE95B5BC4AE /* Pods_ExchangeRate_ExchangeRateUITests.framework in Frameworks */ = {isa = PBXBuildFile; fileRef = DF0B0A561299B7F7EADA6FA7 /* Pods_ExchangeRate_ExchangeRateUITests.framework */; };
/* End PBXBuildFile section */

/* Begin PBXContainerItemProxy section */
		03E5DEEA279EB5A900109CB4 /* PBXContainerItemProxy */ = {
			isa = PBXContainerItemProxy;
			containerPortal = 03E5DECB279EB5A500109CB4 /* Project object */;
			proxyType = 1;
			remoteGlobalIDString = 03E5DED2279EB5A500109CB4;
			remoteInfo = ExchangeRate;
		};
		03E5DEF4279EB5A900109CB4 /* PBXContainerItemProxy */ = {
			isa = PBXContainerItemProxy;
			containerPortal = 03E5DECB279EB5A500109CB4 /* Project object */;
			proxyType = 1;
			remoteGlobalIDString = 03E5DED2279EB5A500109CB4;
			remoteInfo = ExchangeRate;
		};
/* End PBXContainerItemProxy section */

/* Begin PBXFileReference section */
		03E5DED3279EB5A500109CB4 /* ExchangeRate.app */ = {isa = PBXFileReference; explicitFileType = wrapper.application; includeInIndex = 0; path = ExchangeRate.app; sourceTree = BUILT_PRODUCTS_DIR; };
		03E5DED6279EB5A500109CB4 /* AppDelegate.swift */ = {isa = PBXFileReference; lastKnownFileType = sourcecode.swift; path = AppDelegate.swift; sourceTree = "<group>"; };
		03E5DEDF279EB5A800109CB4 /* Assets.xcassets */ = {isa = PBXFileReference; lastKnownFileType = folder.assetcatalog; path = Assets.xcassets; sourceTree = "<group>"; };
		03E5DEE2279EB5A800109CB4 /* Base */ = {isa = PBXFileReference; lastKnownFileType = file.storyboard; name = Base; path = Base.lproj/LaunchScreen.storyboard; sourceTree = "<group>"; };
		03E5DEE4279EB5A800109CB4 /* Info.plist */ = {isa = PBXFileReference; lastKnownFileType = text.plist.xml; path = Info.plist; sourceTree = "<group>"; };
		03E5DEE9279EB5A900109CB4 /* ExchangeRateTests.xctest */ = {isa = PBXFileReference; explicitFileType = wrapper.cfbundle; includeInIndex = 0; path = ExchangeRateTests.xctest; sourceTree = BUILT_PRODUCTS_DIR; };
		03E5DEED279EB5A900109CB4 /* ExchangeRateTests.swift */ = {isa = PBXFileReference; lastKnownFileType = sourcecode.swift; path = ExchangeRateTests.swift; sourceTree = "<group>"; };
		03E5DEF3279EB5A900109CB4 /* ExchangeRateUITests.xctest */ = {isa = PBXFileReference; explicitFileType = wrapper.cfbundle; includeInIndex = 0; path = ExchangeRateUITests.xctest; sourceTree = BUILT_PRODUCTS_DIR; };
		03E5DEF7279EB5A900109CB4 /* ExchangeRateUITests.swift */ = {isa = PBXFileReference; lastKnownFileType = sourcecode.swift; path = ExchangeRateUITests.swift; sourceTree = "<group>"; };
		03E5DEF9279EB5A900109CB4 /* ExchangeRateUITestsLaunchTests.swift */ = {isa = PBXFileReference; lastKnownFileType = sourcecode.swift; path = ExchangeRateUITestsLaunchTests.swift; sourceTree = "<group>"; };
		03E5DF0A279EBB2900109CB4 /* ExchangeRateCalculatorViewController.swift */ = {isa = PBXFileReference; lastKnownFileType = sourcecode.swift; path = ExchangeRateCalculatorViewController.swift; sourceTree = "<group>"; };
		03E5DF0D279EBB7400109CB4 /* BaseViewController.swift */ = {isa = PBXFileReference; lastKnownFileType = sourcecode.swift; path = BaseViewController.swift; sourceTree = "<group>"; };
		03E5DF0F279EBD2B00109CB4 /* ExchangeRateCalculatorReactor.swift */ = {isa = PBXFileReference; lastKnownFileType = sourcecode.swift; path = ExchangeRateCalculatorReactor.swift; sourceTree = "<group>"; };
		03E5DF18279ED0CA00109CB4 /* UITextField+Extension.swift */ = {isa = PBXFileReference; lastKnownFileType = sourcecode.swift; path = "UITextField+Extension.swift"; sourceTree = "<group>"; };
		03E5DF1B279EDC4C00109CB4 /* CalculatorAssembly.swift */ = {isa = PBXFileReference; lastKnownFileType = sourcecode.swift; path = CalculatorAssembly.swift; sourceTree = "<group>"; };
		03E5DF1F279EDD5A00109CB4 /* CurrencyAPI.swift */ = {isa = PBXFileReference; lastKnownFileType = sourcecode.swift; path = CurrencyAPI.swift; sourceTree = "<group>"; };
		03E5DF21279EDD6500109CB4 /* NetworkAPIType.swift */ = {isa = PBXFileReference; lastKnownFileType = sourcecode.swift; path = NetworkAPIType.swift; sourceTree = "<group>"; };
		03E5DF24279EDF0300109CB4 /* AppAssembler.swift */ = {isa = PBXFileReference; lastKnownFileType = sourcecode.swift; path = AppAssembler.swift; sourceTree = "<group>"; };
		03E5DF27279EE44C00109CB4 /* ReceiptCountry.swift */ = {isa = PBXFileReference; lastKnownFileType = sourcecode.swift; path = ReceiptCountry.swift; sourceTree = "<group>"; };
		03E5DF2A279EFBE600109CB4 /* ExchangeRateService.swift */ = {isa = PBXFileReference; lastKnownFileType = sourcecode.swift; path = ExchangeRateService.swift; sourceTree = "<group>"; };
		03E5DF2C279EFC0100109CB4 /* ExchangeRateServiceType.swift */ = {isa = PBXFileReference; lastKnownFileType = sourcecode.swift; path = ExchangeRateServiceType.swift; sourceTree = "<group>"; };
		03E5DF2F279EFCD200109CB4 /* ServiceAssembly.swift */ = {isa = PBXFileReference; lastKnownFileType = sourcecode.swift; path = ServiceAssembly.swift; sourceTree = "<group>"; };
		03E5DF31279F0C9200109CB4 /* Date+Extension.swift */ = {isa = PBXFileReference; lastKnownFileType = sourcecode.swift; path = "Date+Extension.swift"; sourceTree = "<group>"; };
		03E5DF33279F0D4000109CB4 /* Double+Extension.swift */ = {isa = PBXFileReference; lastKnownFileType = sourcecode.swift; path = "Double+Extension.swift"; sourceTree = "<group>"; };
		18FB91F064534A3E593C7D37 /* Pods_ExchangeRate.framework */ = {isa = PBXFileReference; explicitFileType = wrapper.framework; includeInIndex = 0; path = Pods_ExchangeRate.framework; sourceTree = BUILT_PRODUCTS_DIR; };
		194701768A3701F64C87612F /* Pods-ExchangeRate-ExchangeRateUITests.debug.xcconfig */ = {isa = PBXFileReference; includeInIndex = 1; lastKnownFileType = text.xcconfig; name = "Pods-ExchangeRate-ExchangeRateUITests.debug.xcconfig"; path = "Target Support Files/Pods-ExchangeRate-ExchangeRateUITests/Pods-ExchangeRate-ExchangeRateUITests.debug.xcconfig"; sourceTree = "<group>"; };
		2DAE0CBDA1B7098A623CE7A3 /* Pods-ExchangeRateTests.debug.xcconfig */ = {isa = PBXFileReference; includeInIndex = 1; lastKnownFileType = text.xcconfig; name = "Pods-ExchangeRateTests.debug.xcconfig"; path = "Target Support Files/Pods-ExchangeRateTests/Pods-ExchangeRateTests.debug.xcconfig"; sourceTree = "<group>"; };
		2EEB3828ED4CD1CD385F86D6 /* Pods-ExchangeRate.debug.xcconfig */ = {isa = PBXFileReference; includeInIndex = 1; lastKnownFileType = text.xcconfig; name = "Pods-ExchangeRate.debug.xcconfig"; path = "Target Support Files/Pods-ExchangeRate/Pods-ExchangeRate.debug.xcconfig"; sourceTree = "<group>"; };
		479D1D1E59F23B6F1B5E33FF /* Pods_ExchangeRateTests.framework */ = {isa = PBXFileReference; explicitFileType = wrapper.framework; includeInIndex = 0; path = Pods_ExchangeRateTests.framework; sourceTree = BUILT_PRODUCTS_DIR; };
		7644D727284A938A4DF8C3C7 /* Pods-ExchangeRate.release.xcconfig */ = {isa = PBXFileReference; includeInIndex = 1; lastKnownFileType = text.xcconfig; name = "Pods-ExchangeRate.release.xcconfig"; path = "Target Support Files/Pods-ExchangeRate/Pods-ExchangeRate.release.xcconfig"; sourceTree = "<group>"; };
		84662145E6F659C893F9B0F7 /* Pods-ExchangeRate-ExchangeRateUITests.release.xcconfig */ = {isa = PBXFileReference; includeInIndex = 1; lastKnownFileType = text.xcconfig; name = "Pods-ExchangeRate-ExchangeRateUITests.release.xcconfig"; path = "Target Support Files/Pods-ExchangeRate-ExchangeRateUITests/Pods-ExchangeRate-ExchangeRateUITests.release.xcconfig"; sourceTree = "<group>"; };
		9CB32588E6AF5FF8015A9B75 /* Pods-ExchangeRateTests.release.xcconfig */ = {isa = PBXFileReference; includeInIndex = 1; lastKnownFileType = text.xcconfig; name = "Pods-ExchangeRateTests.release.xcconfig"; path = "Target Support Files/Pods-ExchangeRateTests/Pods-ExchangeRateTests.release.xcconfig"; sourceTree = "<group>"; };
		DF0B0A561299B7F7EADA6FA7 /* Pods_ExchangeRate_ExchangeRateUITests.framework */ = {isa = PBXFileReference; explicitFileType = wrapper.framework; includeInIndex = 0; path = Pods_ExchangeRate_ExchangeRateUITests.framework; sourceTree = BUILT_PRODUCTS_DIR; };
/* End PBXFileReference section */

/* Begin PBXFrameworksBuildPhase section */
		03E5DED0279EB5A500109CB4 /* Frameworks */ = {
			isa = PBXFrameworksBuildPhase;
			buildActionMask = 2147483647;
			files = (
				B6F8FC3541E702C0E123019E /* Pods_ExchangeRate.framework in Frameworks */,
			);
			runOnlyForDeploymentPostprocessing = 0;
		};
		03E5DEE6279EB5A900109CB4 /* Frameworks */ = {
			isa = PBXFrameworksBuildPhase;
			buildActionMask = 2147483647;
			files = (
				8322B15DEF01AE77582A3C53 /* Pods_ExchangeRateTests.framework in Frameworks */,
			);
			runOnlyForDeploymentPostprocessing = 0;
		};
		03E5DEF0279EB5A900109CB4 /* Frameworks */ = {
			isa = PBXFrameworksBuildPhase;
			buildActionMask = 2147483647;
			files = (
				D36C086C2686CEE95B5BC4AE /* Pods_ExchangeRate_ExchangeRateUITests.framework in Frameworks */,
			);
			runOnlyForDeploymentPostprocessing = 0;
		};
/* End PBXFrameworksBuildPhase section */

/* Begin PBXGroup section */
		03E5DECA279EB5A500109CB4 = {
			isa = PBXGroup;
			children = (
				03E5DED5279EB5A500109CB4 /* ExchangeRate */,
				03E5DEEC279EB5A900109CB4 /* ExchangeRateTests */,
				03E5DEF6279EB5A900109CB4 /* ExchangeRateUITests */,
				03E5DED4279EB5A500109CB4 /* Products */,
				14B3487C0A29DE949D70D524 /* Pods */,
				5A89C6A8A1AB294141164508 /* Frameworks */,
			);
			sourceTree = "<group>";
		};
		03E5DED4279EB5A500109CB4 /* Products */ = {
			isa = PBXGroup;
			children = (
				03E5DED3279EB5A500109CB4 /* ExchangeRate.app */,
				03E5DEE9279EB5A900109CB4 /* ExchangeRateTests.xctest */,
				03E5DEF3279EB5A900109CB4 /* ExchangeRateUITests.xctest */,
			);
			name = Products;
			sourceTree = "<group>";
		};
		03E5DED5279EB5A500109CB4 /* ExchangeRate */ = {
			isa = PBXGroup;
			children = (
				03E5DF13279EBF2300109CB4 /* Application API */,
				03E5DF15279EBF9C00109CB4 /* Network */,
				03E5DF16279EBFA900109CB4 /* Application */,
				03E5DF11279EBF0900109CB4 /* Domain */,
				03E5DF26279EE43500109CB4 /* Model */,
				03E5DEDF279EB5A800109CB4 /* Assets.xcassets */,
				03E5DEE1279EB5A800109CB4 /* LaunchScreen.storyboard */,
				03E5DEE4279EB5A800109CB4 /* Info.plist */,
			);
			path = ExchangeRate;
			sourceTree = "<group>";
		};
		03E5DEEC279EB5A900109CB4 /* ExchangeRateTests */ = {
			isa = PBXGroup;
			children = (
				03E5DEED279EB5A900109CB4 /* ExchangeRateTests.swift */,
			);
			path = ExchangeRateTests;
			sourceTree = "<group>";
		};
		03E5DEF6279EB5A900109CB4 /* ExchangeRateUITests */ = {
			isa = PBXGroup;
			children = (
				03E5DEF7279EB5A900109CB4 /* ExchangeRateUITests.swift */,
				03E5DEF9279EB5A900109CB4 /* ExchangeRateUITestsLaunchTests.swift */,
			);
			path = ExchangeRateUITests;
			sourceTree = "<group>";
		};
		03E5DF11279EBF0900109CB4 /* Domain */ = {
			isa = PBXGroup;
			children = (
				03E5DF29279EFA8C00109CB4 /* Service */,
				03E5DF12279EBF1100109CB4 /* Calculator */,
			);
			path = Domain;
			sourceTree = "<group>";
		};
		03E5DF12279EBF1100109CB4 /* Calculator */ = {
			isa = PBXGroup;
			children = (
				03E5DF1B279EDC4C00109CB4 /* CalculatorAssembly.swift */,
				03E5DF0F279EBD2B00109CB4 /* ExchangeRateCalculatorReactor.swift */,
				03E5DF0A279EBB2900109CB4 /* ExchangeRateCalculatorViewController.swift */,
			);
			path = Calculator;
			sourceTree = "<group>";
		};
		03E5DF13279EBF2300109CB4 /* Application API */ = {
			isa = PBXGroup;
			children = (
				03E5DF1A279EDB1D00109CB4 /* Protocol */,
				03E5DF17279ED0B700109CB4 /* Extension */,
				03E5DF14279EBF9100109CB4 /* Base */,
			);
			path = "Application API";
			sourceTree = "<group>";
		};
		03E5DF14279EBF9100109CB4 /* Base */ = {
			isa = PBXGroup;
			children = (
				03E5DF0D279EBB7400109CB4 /* BaseViewController.swift */,
			);
			path = Base;
			sourceTree = "<group>";
		};
		03E5DF15279EBF9C00109CB4 /* Network */ = {
			isa = PBXGroup;
			children = (
				03E5DF21279EDD6500109CB4 /* NetworkAPIType.swift */,
				03E5DF1F279EDD5A00109CB4 /* CurrencyAPI.swift */,
			);
			path = Network;
			sourceTree = "<group>";
		};
		03E5DF16279EBFA900109CB4 /* Application */ = {
			isa = PBXGroup;
			children = (
				03E5DED6279EB5A500109CB4 /* AppDelegate.swift */,
				03E5DF24279EDF0300109CB4 /* AppAssembler.swift */,
			);
			path = Application;
			sourceTree = "<group>";
		};
		03E5DF17279ED0B700109CB4 /* Extension */ = {
			isa = PBXGroup;
			children = (
				03E5DF18279ED0CA00109CB4 /* UITextField+Extension.swift */,
				03E5DF31279F0C9200109CB4 /* Date+Extension.swift */,
				03E5DF33279F0D4000109CB4 /* Double+Extension.swift */,
			);
			path = Extension;
			sourceTree = "<group>";
		};
		03E5DF1A279EDB1D00109CB4 /* Protocol */ = {
			isa = PBXGroup;
			children = (
			);
			path = Protocol;
			sourceTree = "<group>";
		};
		03E5DF26279EE43500109CB4 /* Model */ = {
			isa = PBXGroup;
			children = (
				03E5DF27279EE44C00109CB4 /* ReceiptCountry.swift */,
			);
			path = Model;
			sourceTree = "<group>";
		};
		03E5DF29279EFA8C00109CB4 /* Service */ = {
			isa = PBXGroup;
			children = (
				03E5DF2F279EFCD200109CB4 /* ServiceAssembly.swift */,
				03E5DF2E279EFCB700109CB4 /* ExcangeRateUserCase */,
			);
			path = Service;
			sourceTree = "<group>";
		};
		03E5DF2E279EFCB700109CB4 /* ExcangeRateUserCase */ = {
			isa = PBXGroup;
			children = (
				03E5DF2C279EFC0100109CB4 /* ExchangeRateServiceType.swift */,
				03E5DF2A279EFBE600109CB4 /* ExchangeRateService.swift */,
			);
			path = ExcangeRateUserCase;
			sourceTree = "<group>";
		};
		14B3487C0A29DE949D70D524 /* Pods */ = {
			isa = PBXGroup;
			children = (
				2EEB3828ED4CD1CD385F86D6 /* Pods-ExchangeRate.debug.xcconfig */,
				7644D727284A938A4DF8C3C7 /* Pods-ExchangeRate.release.xcconfig */,
				194701768A3701F64C87612F /* Pods-ExchangeRate-ExchangeRateUITests.debug.xcconfig */,
				84662145E6F659C893F9B0F7 /* Pods-ExchangeRate-ExchangeRateUITests.release.xcconfig */,
				2DAE0CBDA1B7098A623CE7A3 /* Pods-ExchangeRateTests.debug.xcconfig */,
				9CB32588E6AF5FF8015A9B75 /* Pods-ExchangeRateTests.release.xcconfig */,
			);
			path = Pods;
			sourceTree = "<group>";
		};
		5A89C6A8A1AB294141164508 /* Frameworks */ = {
			isa = PBXGroup;
			children = (
				18FB91F064534A3E593C7D37 /* Pods_ExchangeRate.framework */,
				DF0B0A561299B7F7EADA6FA7 /* Pods_ExchangeRate_ExchangeRateUITests.framework */,
				479D1D1E59F23B6F1B5E33FF /* Pods_ExchangeRateTests.framework */,
			);
			name = Frameworks;
			sourceTree = "<group>";
		};
/* End PBXGroup section */

/* Begin PBXNativeTarget section */
		03E5DED2279EB5A500109CB4 /* ExchangeRate */ = {
			isa = PBXNativeTarget;
			buildConfigurationList = 03E5DEFD279EB5A900109CB4 /* Build configuration list for PBXNativeTarget "ExchangeRate" */;
			buildPhases = (
				14EA0B876B79746603E7977C /* [CP] Check Pods Manifest.lock */,
				03E5DECF279EB5A500109CB4 /* Sources */,
				03E5DED0279EB5A500109CB4 /* Frameworks */,
				03E5DED1279EB5A500109CB4 /* Resources */,
				8A84181DBF09701CFE91786A /* [CP] Embed Pods Frameworks */,
			);
			buildRules = (
			);
			dependencies = (
			);
			name = ExchangeRate;
			productName = ExchangeRate;
			productReference = 03E5DED3279EB5A500109CB4 /* ExchangeRate.app */;
			productType = "com.apple.product-type.application";
		};
		03E5DEE8279EB5A900109CB4 /* ExchangeRateTests */ = {
			isa = PBXNativeTarget;
			buildConfigurationList = 03E5DF00279EB5A900109CB4 /* Build configuration list for PBXNativeTarget "ExchangeRateTests" */;
			buildPhases = (
				887CE584E83D2C18E88F866C /* [CP] Check Pods Manifest.lock */,
				03E5DEE5279EB5A900109CB4 /* Sources */,
				03E5DEE6279EB5A900109CB4 /* Frameworks */,
				03E5DEE7279EB5A900109CB4 /* Resources */,
				B2A17AC0BCAF9E07E1033F92 /* [CP] Embed Pods Frameworks */,
			);
			buildRules = (
			);
			dependencies = (
				03E5DEEB279EB5A900109CB4 /* PBXTargetDependency */,
			);
			name = ExchangeRateTests;
			productName = ExchangeRateTests;
			productReference = 03E5DEE9279EB5A900109CB4 /* ExchangeRateTests.xctest */;
			productType = "com.apple.product-type.bundle.unit-test";
		};
		03E5DEF2279EB5A900109CB4 /* ExchangeRateUITests */ = {
			isa = PBXNativeTarget;
			buildConfigurationList = 03E5DF03279EB5A900109CB4 /* Build configuration list for PBXNativeTarget "ExchangeRateUITests" */;
			buildPhases = (
				9A0626A14165EFC8B4BC47AD /* [CP] Check Pods Manifest.lock */,
				03E5DEEF279EB5A900109CB4 /* Sources */,
				03E5DEF0279EB5A900109CB4 /* Frameworks */,
				03E5DEF1279EB5A900109CB4 /* Resources */,
				96F8E932CE30ED8083FA8804 /* [CP] Embed Pods Frameworks */,
			);
			buildRules = (
			);
			dependencies = (
				03E5DEF5279EB5A900109CB4 /* PBXTargetDependency */,
			);
			name = ExchangeRateUITests;
			productName = ExchangeRateUITests;
			productReference = 03E5DEF3279EB5A900109CB4 /* ExchangeRateUITests.xctest */;
			productType = "com.apple.product-type.bundle.ui-testing";
		};
/* End PBXNativeTarget section */

/* Begin PBXProject section */
		03E5DECB279EB5A500109CB4 /* Project object */ = {
			isa = PBXProject;
			attributes = {
				BuildIndependentTargetsInParallel = 1;
				LastSwiftUpdateCheck = 1320;
				LastUpgradeCheck = 1320;
				TargetAttributes = {
					03E5DED2279EB5A500109CB4 = {
						CreatedOnToolsVersion = 13.2.1;
					};
					03E5DEE8279EB5A900109CB4 = {
						CreatedOnToolsVersion = 13.2.1;
						TestTargetID = 03E5DED2279EB5A500109CB4;
					};
					03E5DEF2279EB5A900109CB4 = {
						CreatedOnToolsVersion = 13.2.1;
						TestTargetID = 03E5DED2279EB5A500109CB4;
					};
				};
			};
			buildConfigurationList = 03E5DECE279EB5A500109CB4 /* Build configuration list for PBXProject "ExchangeRate" */;
			compatibilityVersion = "Xcode 13.0";
			developmentRegion = en;
			hasScannedForEncodings = 0;
			knownRegions = (
				en,
				Base,
			);
			mainGroup = 03E5DECA279EB5A500109CB4;
			productRefGroup = 03E5DED4279EB5A500109CB4 /* Products */;
			projectDirPath = "";
			projectRoot = "";
			targets = (
				03E5DED2279EB5A500109CB4 /* ExchangeRate */,
				03E5DEE8279EB5A900109CB4 /* ExchangeRateTests */,
				03E5DEF2279EB5A900109CB4 /* ExchangeRateUITests */,
			);
		};
/* End PBXProject section */

/* Begin PBXResourcesBuildPhase section */
		03E5DED1279EB5A500109CB4 /* Resources */ = {
			isa = PBXResourcesBuildPhase;
			buildActionMask = 2147483647;
			files = (
				03E5DEE3279EB5A800109CB4 /* LaunchScreen.storyboard in Resources */,
				03E5DEE0279EB5A800109CB4 /* Assets.xcassets in Resources */,
			);
			runOnlyForDeploymentPostprocessing = 0;
		};
		03E5DEE7279EB5A900109CB4 /* Resources */ = {
			isa = PBXResourcesBuildPhase;
			buildActionMask = 2147483647;
			files = (
			);
			runOnlyForDeploymentPostprocessing = 0;
		};
		03E5DEF1279EB5A900109CB4 /* Resources */ = {
			isa = PBXResourcesBuildPhase;
			buildActionMask = 2147483647;
			files = (
			);
			runOnlyForDeploymentPostprocessing = 0;
		};
/* End PBXResourcesBuildPhase section */

/* Begin PBXShellScriptBuildPhase section */
		14EA0B876B79746603E7977C /* [CP] Check Pods Manifest.lock */ = {
			isa = PBXShellScriptBuildPhase;
			buildActionMask = 2147483647;
			files = (
			);
			inputFileListPaths = (
			);
			inputPaths = (
				"${PODS_PODFILE_DIR_PATH}/Podfile.lock",
				"${PODS_ROOT}/Manifest.lock",
			);
			name = "[CP] Check Pods Manifest.lock";
			outputFileListPaths = (
			);
			outputPaths = (
				"$(DERIVED_FILE_DIR)/Pods-ExchangeRate-checkManifestLockResult.txt",
			);
			runOnlyForDeploymentPostprocessing = 0;
			shellPath = /bin/sh;
			shellScript = "diff \"${PODS_PODFILE_DIR_PATH}/Podfile.lock\" \"${PODS_ROOT}/Manifest.lock\" > /dev/null\nif [ $? != 0 ] ; then\n    # print error to STDERR\n    echo \"error: The sandbox is not in sync with the Podfile.lock. Run 'pod install' or update your CocoaPods installation.\" >&2\n    exit 1\nfi\n# This output is used by Xcode 'outputs' to avoid re-running this script phase.\necho \"SUCCESS\" > \"${SCRIPT_OUTPUT_FILE_0}\"\n";
			showEnvVarsInLog = 0;
		};
		887CE584E83D2C18E88F866C /* [CP] Check Pods Manifest.lock */ = {
			isa = PBXShellScriptBuildPhase;
			buildActionMask = 2147483647;
			files = (
			);
			inputFileListPaths = (
			);
			inputPaths = (
				"${PODS_PODFILE_DIR_PATH}/Podfile.lock",
				"${PODS_ROOT}/Manifest.lock",
			);
			name = "[CP] Check Pods Manifest.lock";
			outputFileListPaths = (
			);
			outputPaths = (
				"$(DERIVED_FILE_DIR)/Pods-ExchangeRateTests-checkManifestLockResult.txt",
			);
			runOnlyForDeploymentPostprocessing = 0;
			shellPath = /bin/sh;
			shellScript = "diff \"${PODS_PODFILE_DIR_PATH}/Podfile.lock\" \"${PODS_ROOT}/Manifest.lock\" > /dev/null\nif [ $? != 0 ] ; then\n    # print error to STDERR\n    echo \"error: The sandbox is not in sync with the Podfile.lock. Run 'pod install' or update your CocoaPods installation.\" >&2\n    exit 1\nfi\n# This output is used by Xcode 'outputs' to avoid re-running this script phase.\necho \"SUCCESS\" > \"${SCRIPT_OUTPUT_FILE_0}\"\n";
			showEnvVarsInLog = 0;
		};
		8A84181DBF09701CFE91786A /* [CP] Embed Pods Frameworks */ = {
			isa = PBXShellScriptBuildPhase;
			buildActionMask = 2147483647;
			files = (
			);
			inputFileListPaths = (
				"${PODS_ROOT}/Target Support Files/Pods-ExchangeRate/Pods-ExchangeRate-frameworks-${CONFIGURATION}-input-files.xcfilelist",
			);
			name = "[CP] Embed Pods Frameworks";
			outputFileListPaths = (
				"${PODS_ROOT}/Target Support Files/Pods-ExchangeRate/Pods-ExchangeRate-frameworks-${CONFIGURATION}-output-files.xcfilelist",
			);
			runOnlyForDeploymentPostprocessing = 0;
			shellPath = /bin/sh;
			shellScript = "\"${PODS_ROOT}/Target Support Files/Pods-ExchangeRate/Pods-ExchangeRate-frameworks.sh\"\n";
			showEnvVarsInLog = 0;
		};
		96F8E932CE30ED8083FA8804 /* [CP] Embed Pods Frameworks */ = {
			isa = PBXShellScriptBuildPhase;
			buildActionMask = 2147483647;
			files = (
			);
			inputFileListPaths = (
				"${PODS_ROOT}/Target Support Files/Pods-ExchangeRate-ExchangeRateUITests/Pods-ExchangeRate-ExchangeRateUITests-frameworks-${CONFIGURATION}-input-files.xcfilelist",
			);
			name = "[CP] Embed Pods Frameworks";
			outputFileListPaths = (
				"${PODS_ROOT}/Target Support Files/Pods-ExchangeRate-ExchangeRateUITests/Pods-ExchangeRate-ExchangeRateUITests-frameworks-${CONFIGURATION}-output-files.xcfilelist",
			);
			runOnlyForDeploymentPostprocessing = 0;
			shellPath = /bin/sh;
			shellScript = "\"${PODS_ROOT}/Target Support Files/Pods-ExchangeRate-ExchangeRateUITests/Pods-ExchangeRate-ExchangeRateUITests-frameworks.sh\"\n";
			showEnvVarsInLog = 0;
		};
		9A0626A14165EFC8B4BC47AD /* [CP] Check Pods Manifest.lock */ = {
			isa = PBXShellScriptBuildPhase;
			buildActionMask = 2147483647;
			files = (
			);
			inputFileListPaths = (
			);
			inputPaths = (
				"${PODS_PODFILE_DIR_PATH}/Podfile.lock",
				"${PODS_ROOT}/Manifest.lock",
			);
			name = "[CP] Check Pods Manifest.lock";
			outputFileListPaths = (
			);
			outputPaths = (
				"$(DERIVED_FILE_DIR)/Pods-ExchangeRate-ExchangeRateUITests-checkManifestLockResult.txt",
			);
			runOnlyForDeploymentPostprocessing = 0;
			shellPath = /bin/sh;
			shellScript = "diff \"${PODS_PODFILE_DIR_PATH}/Podfile.lock\" \"${PODS_ROOT}/Manifest.lock\" > /dev/null\nif [ $? != 0 ] ; then\n    # print error to STDERR\n    echo \"error: The sandbox is not in sync with the Podfile.lock. Run 'pod install' or update your CocoaPods installation.\" >&2\n    exit 1\nfi\n# This output is used by Xcode 'outputs' to avoid re-running this script phase.\necho \"SUCCESS\" > \"${SCRIPT_OUTPUT_FILE_0}\"\n";
			showEnvVarsInLog = 0;
		};
		B2A17AC0BCAF9E07E1033F92 /* [CP] Embed Pods Frameworks */ = {
			isa = PBXShellScriptBuildPhase;
			buildActionMask = 2147483647;
			files = (
			);
			inputFileListPaths = (
				"${PODS_ROOT}/Target Support Files/Pods-ExchangeRateTests/Pods-ExchangeRateTests-frameworks-${CONFIGURATION}-input-files.xcfilelist",
			);
			name = "[CP] Embed Pods Frameworks";
			outputFileListPaths = (
				"${PODS_ROOT}/Target Support Files/Pods-ExchangeRateTests/Pods-ExchangeRateTests-frameworks-${CONFIGURATION}-output-files.xcfilelist",
			);
			runOnlyForDeploymentPostprocessing = 0;
			shellPath = /bin/sh;
			shellScript = "\"${PODS_ROOT}/Target Support Files/Pods-ExchangeRateTests/Pods-ExchangeRateTests-frameworks.sh\"\n";
			showEnvVarsInLog = 0;
		};
/* End PBXShellScriptBuildPhase section */

/* Begin PBXSourcesBuildPhase section */
		03E5DECF279EB5A500109CB4 /* Sources */ = {
			isa = PBXSourcesBuildPhase;
			buildActionMask = 2147483647;
			files = (
				03E5DF19279ED0CA00109CB4 /* UITextField+Extension.swift in Sources */,
				03E5DF30279EFCD300109CB4 /* ServiceAssembly.swift in Sources */,
				03E5DF1C279EDC4C00109CB4 /* CalculatorAssembly.swift in Sources */,
				03E5DF25279EDF0300109CB4 /* AppAssembler.swift in Sources */,
				03E5DF2B279EFBE600109CB4 /* ExchangeRateService.swift in Sources */,
				03E5DF28279EE44C00109CB4 /* ReceiptCountry.swift in Sources */,
				03E5DED7279EB5A500109CB4 /* AppDelegate.swift in Sources */,
				03E5DF2D279EFC0100109CB4 /* ExchangeRateServiceType.swift in Sources */,
				03E5DF34279F0D4000109CB4 /* Double+Extension.swift in Sources */,
				03E5DF0B279EBB2900109CB4 /* ExchangeRateCalculatorViewController.swift in Sources */,
				03E5DF0E279EBB7400109CB4 /* BaseViewController.swift in Sources */,
				03E5DF22279EDD6500109CB4 /* NetworkAPIType.swift in Sources */,
				03E5DF32279F0C9200109CB4 /* Date+Extension.swift in Sources */,
				03E5DF10279EBD2B00109CB4 /* ExchangeRateCalculatorReactor.swift in Sources */,
				03E5DF20279EDD5A00109CB4 /* CurrencyAPI.swift in Sources */,
			);
			runOnlyForDeploymentPostprocessing = 0;
		};
		03E5DEE5279EB5A900109CB4 /* Sources */ = {
			isa = PBXSourcesBuildPhase;
			buildActionMask = 2147483647;
			files = (
				03E5DEEE279EB5A900109CB4 /* ExchangeRateTests.swift in Sources */,
			);
			runOnlyForDeploymentPostprocessing = 0;
		};
		03E5DEEF279EB5A900109CB4 /* Sources */ = {
			isa = PBXSourcesBuildPhase;
			buildActionMask = 2147483647;
			files = (
				03E5DEF8279EB5A900109CB4 /* ExchangeRateUITests.swift in Sources */,
				03E5DEFA279EB5A900109CB4 /* ExchangeRateUITestsLaunchTests.swift in Sources */,
			);
			runOnlyForDeploymentPostprocessing = 0;
		};
/* End PBXSourcesBuildPhase section */

/* Begin PBXTargetDependency section */
		03E5DEEB279EB5A900109CB4 /* PBXTargetDependency */ = {
			isa = PBXTargetDependency;
			target = 03E5DED2279EB5A500109CB4 /* ExchangeRate */;
			targetProxy = 03E5DEEA279EB5A900109CB4 /* PBXContainerItemProxy */;
		};
		03E5DEF5279EB5A900109CB4 /* PBXTargetDependency */ = {
			isa = PBXTargetDependency;
			target = 03E5DED2279EB5A500109CB4 /* ExchangeRate */;
			targetProxy = 03E5DEF4279EB5A900109CB4 /* PBXContainerItemProxy */;
		};
/* End PBXTargetDependency section */

/* Begin PBXVariantGroup section */
		03E5DEE1279EB5A800109CB4 /* LaunchScreen.storyboard */ = {
			isa = PBXVariantGroup;
			children = (
				03E5DEE2279EB5A800109CB4 /* Base */,
			);
			name = LaunchScreen.storyboard;
			sourceTree = "<group>";
		};
/* End PBXVariantGroup section */

/* Begin XCBuildConfiguration section */
		03E5DEFB279EB5A900109CB4 /* Debug */ = {
			isa = XCBuildConfiguration;
			buildSettings = {
				ALWAYS_SEARCH_USER_PATHS = NO;
				CLANG_ANALYZER_NONNULL = YES;
				CLANG_ANALYZER_NUMBER_OBJECT_CONVERSION = YES_AGGRESSIVE;
				CLANG_CXX_LANGUAGE_STANDARD = "gnu++17";
				CLANG_CXX_LIBRARY = "libc++";
				CLANG_ENABLE_MODULES = YES;
				CLANG_ENABLE_OBJC_ARC = YES;
				CLANG_ENABLE_OBJC_WEAK = YES;
				CLANG_WARN_BLOCK_CAPTURE_AUTORELEASING = YES;
				CLANG_WARN_BOOL_CONVERSION = YES;
				CLANG_WARN_COMMA = YES;
				CLANG_WARN_CONSTANT_CONVERSION = YES;
				CLANG_WARN_DEPRECATED_OBJC_IMPLEMENTATIONS = YES;
				CLANG_WARN_DIRECT_OBJC_ISA_USAGE = YES_ERROR;
				CLANG_WARN_DOCUMENTATION_COMMENTS = YES;
				CLANG_WARN_EMPTY_BODY = YES;
				CLANG_WARN_ENUM_CONVERSION = YES;
				CLANG_WARN_INFINITE_RECURSION = YES;
				CLANG_WARN_INT_CONVERSION = YES;
				CLANG_WARN_NON_LITERAL_NULL_CONVERSION = YES;
				CLANG_WARN_OBJC_IMPLICIT_RETAIN_SELF = YES;
				CLANG_WARN_OBJC_LITERAL_CONVERSION = YES;
				CLANG_WARN_OBJC_ROOT_CLASS = YES_ERROR;
				CLANG_WARN_QUOTED_INCLUDE_IN_FRAMEWORK_HEADER = YES;
				CLANG_WARN_RANGE_LOOP_ANALYSIS = YES;
				CLANG_WARN_STRICT_PROTOTYPES = YES;
				CLANG_WARN_SUSPICIOUS_MOVE = YES;
				CLANG_WARN_UNGUARDED_AVAILABILITY = YES_AGGRESSIVE;
				CLANG_WARN_UNREACHABLE_CODE = YES;
				CLANG_WARN__DUPLICATE_METHOD_MATCH = YES;
				COPY_PHASE_STRIP = NO;
				DEBUG_INFORMATION_FORMAT = dwarf;
				ENABLE_STRICT_OBJC_MSGSEND = YES;
				ENABLE_TESTABILITY = YES;
				GCC_C_LANGUAGE_STANDARD = gnu11;
				GCC_DYNAMIC_NO_PIC = NO;
				GCC_NO_COMMON_BLOCKS = YES;
				GCC_OPTIMIZATION_LEVEL = 0;
				GCC_PREPROCESSOR_DEFINITIONS = (
					"DEBUG=1",
					"$(inherited)",
				);
				GCC_WARN_64_TO_32_BIT_CONVERSION = YES;
				GCC_WARN_ABOUT_RETURN_TYPE = YES_ERROR;
				GCC_WARN_UNDECLARED_SELECTOR = YES;
				GCC_WARN_UNINITIALIZED_AUTOS = YES_AGGRESSIVE;
				GCC_WARN_UNUSED_FUNCTION = YES;
				GCC_WARN_UNUSED_VARIABLE = YES;
				IPHONEOS_DEPLOYMENT_TARGET = 13.1;
				MTL_ENABLE_DEBUG_INFO = INCLUDE_SOURCE;
				MTL_FAST_MATH = YES;
				ONLY_ACTIVE_ARCH = YES;
				SDKROOT = iphoneos;
				SWIFT_ACTIVE_COMPILATION_CONDITIONS = DEBUG;
				SWIFT_OPTIMIZATION_LEVEL = "-Onone";
			};
			name = Debug;
		};
		03E5DEFC279EB5A900109CB4 /* Release */ = {
			isa = XCBuildConfiguration;
			buildSettings = {
				ALWAYS_SEARCH_USER_PATHS = NO;
				CLANG_ANALYZER_NONNULL = YES;
				CLANG_ANALYZER_NUMBER_OBJECT_CONVERSION = YES_AGGRESSIVE;
				CLANG_CXX_LANGUAGE_STANDARD = "gnu++17";
				CLANG_CXX_LIBRARY = "libc++";
				CLANG_ENABLE_MODULES = YES;
				CLANG_ENABLE_OBJC_ARC = YES;
				CLANG_ENABLE_OBJC_WEAK = YES;
				CLANG_WARN_BLOCK_CAPTURE_AUTORELEASING = YES;
				CLANG_WARN_BOOL_CONVERSION = YES;
				CLANG_WARN_COMMA = YES;
				CLANG_WARN_CONSTANT_CONVERSION = YES;
				CLANG_WARN_DEPRECATED_OBJC_IMPLEMENTATIONS = YES;
				CLANG_WARN_DIRECT_OBJC_ISA_USAGE = YES_ERROR;
				CLANG_WARN_DOCUMENTATION_COMMENTS = YES;
				CLANG_WARN_EMPTY_BODY = YES;
				CLANG_WARN_ENUM_CONVERSION = YES;
				CLANG_WARN_INFINITE_RECURSION = YES;
				CLANG_WARN_INT_CONVERSION = YES;
				CLANG_WARN_NON_LITERAL_NULL_CONVERSION = YES;
				CLANG_WARN_OBJC_IMPLICIT_RETAIN_SELF = YES;
				CLANG_WARN_OBJC_LITERAL_CONVERSION = YES;
				CLANG_WARN_OBJC_ROOT_CLASS = YES_ERROR;
				CLANG_WARN_QUOTED_INCLUDE_IN_FRAMEWORK_HEADER = YES;
				CLANG_WARN_RANGE_LOOP_ANALYSIS = YES;
				CLANG_WARN_STRICT_PROTOTYPES = YES;
				CLANG_WARN_SUSPICIOUS_MOVE = YES;
				CLANG_WARN_UNGUARDED_AVAILABILITY = YES_AGGRESSIVE;
				CLANG_WARN_UNREACHABLE_CODE = YES;
				CLANG_WARN__DUPLICATE_METHOD_MATCH = YES;
				COPY_PHASE_STRIP = NO;
				DEBUG_INFORMATION_FORMAT = "dwarf-with-dsym";
				ENABLE_NS_ASSERTIONS = NO;
				ENABLE_STRICT_OBJC_MSGSEND = YES;
				GCC_C_LANGUAGE_STANDARD = gnu11;
				GCC_NO_COMMON_BLOCKS = YES;
				GCC_WARN_64_TO_32_BIT_CONVERSION = YES;
				GCC_WARN_ABOUT_RETURN_TYPE = YES_ERROR;
				GCC_WARN_UNDECLARED_SELECTOR = YES;
				GCC_WARN_UNINITIALIZED_AUTOS = YES_AGGRESSIVE;
				GCC_WARN_UNUSED_FUNCTION = YES;
				GCC_WARN_UNUSED_VARIABLE = YES;
				IPHONEOS_DEPLOYMENT_TARGET = 13.1;
				MTL_ENABLE_DEBUG_INFO = NO;
				MTL_FAST_MATH = YES;
				SDKROOT = iphoneos;
				SWIFT_COMPILATION_MODE = wholemodule;
				SWIFT_OPTIMIZATION_LEVEL = "-O";
				VALIDATE_PRODUCT = YES;
			};
			name = Release;
		};
		03E5DEFE279EB5A900109CB4 /* Debug */ = {
			isa = XCBuildConfiguration;
			baseConfigurationReference = 2EEB3828ED4CD1CD385F86D6 /* Pods-ExchangeRate.debug.xcconfig */;
			buildSettings = {
				ASSETCATALOG_COMPILER_APPICON_NAME = AppIcon;
				ASSETCATALOG_COMPILER_GLOBAL_ACCENT_COLOR_NAME = AccentColor;
				CODE_SIGN_STYLE = Automatic;
				CURRENT_PROJECT_VERSION = 1;
				DEVELOPMENT_TEAM = MBAJ2NCPU9;
				GENERATE_INFOPLIST_FILE = YES;
				INFOPLIST_FILE = ExchangeRate/Info.plist;
				INFOPLIST_KEY_UIApplicationSupportsIndirectInputEvents = YES;
				INFOPLIST_KEY_UILaunchStoryboardName = LaunchScreen;
				INFOPLIST_KEY_UISupportedInterfaceOrientations_iPad = "UIInterfaceOrientationPortrait UIInterfaceOrientationPortraitUpsideDown UIInterfaceOrientationLandscapeLeft UIInterfaceOrientationLandscapeRight";
				INFOPLIST_KEY_UISupportedInterfaceOrientations_iPhone = "UIInterfaceOrientationPortrait UIInterfaceOrientationLandscapeLeft UIInterfaceOrientationLandscapeRight";
				LD_RUNPATH_SEARCH_PATHS = (
					"$(inherited)",
					"@executable_path/Frameworks",
				);
				MARKETING_VERSION = 1.0;
				PRODUCT_BUNDLE_IDENTIFIER = com.hyungseokpark.ExchangeRate;
				PRODUCT_NAME = "$(TARGET_NAME)";
				SWIFT_EMIT_LOC_STRINGS = YES;
				SWIFT_VERSION = 5.0;
				TARGETED_DEVICE_FAMILY = 1;
			};
			name = Debug;
		};
		03E5DEFF279EB5A900109CB4 /* Release */ = {
			isa = XCBuildConfiguration;
			baseConfigurationReference = 7644D727284A938A4DF8C3C7 /* Pods-ExchangeRate.release.xcconfig */;
			buildSettings = {
				ASSETCATALOG_COMPILER_APPICON_NAME = AppIcon;
				ASSETCATALOG_COMPILER_GLOBAL_ACCENT_COLOR_NAME = AccentColor;
				CODE_SIGN_STYLE = Automatic;
				CURRENT_PROJECT_VERSION = 1;
				DEVELOPMENT_TEAM = MBAJ2NCPU9;
				GENERATE_INFOPLIST_FILE = YES;
				INFOPLIST_FILE = ExchangeRate/Info.plist;
				INFOPLIST_KEY_UIApplicationSupportsIndirectInputEvents = YES;
				INFOPLIST_KEY_UILaunchStoryboardName = LaunchScreen;
				INFOPLIST_KEY_UISupportedInterfaceOrientations_iPad = "UIInterfaceOrientationPortrait UIInterfaceOrientationPortraitUpsideDown UIInterfaceOrientationLandscapeLeft UIInterfaceOrientationLandscapeRight";
				INFOPLIST_KEY_UISupportedInterfaceOrientations_iPhone = "UIInterfaceOrientationPortrait UIInterfaceOrientationLandscapeLeft UIInterfaceOrientationLandscapeRight";
				LD_RUNPATH_SEARCH_PATHS = (
					"$(inherited)",
					"@executable_path/Frameworks",
				);
				MARKETING_VERSION = 1.0;
				PRODUCT_BUNDLE_IDENTIFIER = com.hyungseokpark.ExchangeRate;
				PRODUCT_NAME = "$(TARGET_NAME)";
				SWIFT_EMIT_LOC_STRINGS = YES;
				SWIFT_VERSION = 5.0;
				TARGETED_DEVICE_FAMILY = 1;
			};
			name = Release;
		};
		03E5DF01279EB5A900109CB4 /* Debug */ = {
			isa = XCBuildConfiguration;
			baseConfigurationReference = 2DAE0CBDA1B7098A623CE7A3 /* Pods-ExchangeRateTests.debug.xcconfig */;
			buildSettings = {
				ALWAYS_EMBED_SWIFT_STANDARD_LIBRARIES = YES;
				BUNDLE_LOADER = "$(TEST_HOST)";
				CODE_SIGN_STYLE = Automatic;
				CURRENT_PROJECT_VERSION = 1;
				DEVELOPMENT_TEAM = MBAJ2NCPU9;
				GENERATE_INFOPLIST_FILE = YES;
				IPHONEOS_DEPLOYMENT_TARGET = 15.2;
				MARKETING_VERSION = 1.0;
				PRODUCT_BUNDLE_IDENTIFIER = com.hyungseokpark.ExchangeRateTests;
				PRODUCT_NAME = "$(TARGET_NAME)";
				SWIFT_EMIT_LOC_STRINGS = NO;
				SWIFT_VERSION = 5.0;
				TARGETED_DEVICE_FAMILY = "1,2";
				TEST_HOST = "$(BUILT_PRODUCTS_DIR)/ExchangeRate.app/ExchangeRate";
			};
			name = Debug;
		};
		03E5DF02279EB5A900109CB4 /* Release */ = {
			isa = XCBuildConfiguration;
			baseConfigurationReference = 9CB32588E6AF5FF8015A9B75 /* Pods-ExchangeRateTests.release.xcconfig */;
			buildSettings = {
				ALWAYS_EMBED_SWIFT_STANDARD_LIBRARIES = YES;
				BUNDLE_LOADER = "$(TEST_HOST)";
				CODE_SIGN_STYLE = Automatic;
				CURRENT_PROJECT_VERSION = 1;
				DEVELOPMENT_TEAM = MBAJ2NCPU9;
				GENERATE_INFOPLIST_FILE = YES;
				IPHONEOS_DEPLOYMENT_TARGET = 15.2;
				MARKETING_VERSION = 1.0;
				PRODUCT_BUNDLE_IDENTIFIER = com.hyungseokpark.ExchangeRateTests;
				PRODUCT_NAME = "$(TARGET_NAME)";
				SWIFT_EMIT_LOC_STRINGS = NO;
				SWIFT_VERSION = 5.0;
				TARGETED_DEVICE_FAMILY = "1,2";
				TEST_HOST = "$(BUILT_PRODUCTS_DIR)/ExchangeRate.app/ExchangeRate";
			};
			name = Release;
		};
		03E5DF04279EB5A900109CB4 /* Debug */ = {
			isa = XCBuildConfiguration;
			baseConfigurationReference = 194701768A3701F64C87612F /* Pods-ExchangeRate-ExchangeRateUITests.debug.xcconfig */;
			buildSettings = {
				ALWAYS_EMBED_SWIFT_STANDARD_LIBRARIES = YES;
				CODE_SIGN_STYLE = Automatic;
				CURRENT_PROJECT_VERSION = 1;
				DEVELOPMENT_TEAM = MBAJ2NCPU9;
				GENERATE_INFOPLIST_FILE = YES;
				MARKETING_VERSION = 1.0;
				PRODUCT_BUNDLE_IDENTIFIER = com.hyungseokpark.ExchangeRateUITests;
				PRODUCT_NAME = "$(TARGET_NAME)";
				SWIFT_EMIT_LOC_STRINGS = NO;
				SWIFT_VERSION = 5.0;
				TARGETED_DEVICE_FAMILY = "1,2";
				TEST_TARGET_NAME = ExchangeRate;
			};
			name = Debug;
		};
		03E5DF05279EB5A900109CB4 /* Release */ = {
			isa = XCBuildConfiguration;
			baseConfigurationReference = 84662145E6F659C893F9B0F7 /* Pods-ExchangeRate-ExchangeRateUITests.release.xcconfig */;
			buildSettings = {
				ALWAYS_EMBED_SWIFT_STANDARD_LIBRARIES = YES;
				CODE_SIGN_STYLE = Automatic;
				CURRENT_PROJECT_VERSION = 1;
				DEVELOPMENT_TEAM = MBAJ2NCPU9;
				GENERATE_INFOPLIST_FILE = YES;
				MARKETING_VERSION = 1.0;
				PRODUCT_BUNDLE_IDENTIFIER = com.hyungseokpark.ExchangeRateUITests;
				PRODUCT_NAME = "$(TARGET_NAME)";
				SWIFT_EMIT_LOC_STRINGS = NO;
				SWIFT_VERSION = 5.0;
				TARGETED_DEVICE_FAMILY = "1,2";
				TEST_TARGET_NAME = ExchangeRate;
			};
			name = Release;
		};
/* End XCBuildConfiguration section */

/* Begin XCConfigurationList section */
		03E5DECE279EB5A500109CB4 /* Build configuration list for PBXProject "ExchangeRate" */ = {
			isa = XCConfigurationList;
			buildConfigurations = (
				03E5DEFB279EB5A900109CB4 /* Debug */,
				03E5DEFC279EB5A900109CB4 /* Release */,
			);
			defaultConfigurationIsVisible = 0;
			defaultConfigurationName = Release;
		};
		03E5DEFD279EB5A900109CB4 /* Build configuration list for PBXNativeTarget "ExchangeRate" */ = {
			isa = XCConfigurationList;
			buildConfigurations = (
				03E5DEFE279EB5A900109CB4 /* Debug */,
				03E5DEFF279EB5A900109CB4 /* Release */,
			);
			defaultConfigurationIsVisible = 0;
			defaultConfigurationName = Release;
		};
		03E5DF00279EB5A900109CB4 /* Build configuration list for PBXNativeTarget "ExchangeRateTests" */ = {
			isa = XCConfigurationList;
			buildConfigurations = (
				03E5DF01279EB5A900109CB4 /* Debug */,
				03E5DF02279EB5A900109CB4 /* Release */,
			);
			defaultConfigurationIsVisible = 0;
			defaultConfigurationName = Release;
		};
		03E5DF03279EB5A900109CB4 /* Build configuration list for PBXNativeTarget "ExchangeRateUITests" */ = {
			isa = XCConfigurationList;
			buildConfigurations = (
				03E5DF04279EB5A900109CB4 /* Debug */,
				03E5DF05279EB5A900109CB4 /* Release */,
			);
			defaultConfigurationIsVisible = 0;
			defaultConfigurationName = Release;
		};
/* End XCConfigurationList section */
	};
	rootObject = 03E5DECB279EB5A500109CB4 /* Project object */;
}
